
Microsoft Visual Studio Solution File, Format Version 12.00
# Visual Studio Version 17
VisualStudioVersion = 17.0.31903.59
MinimumVisualStudioVersion = 10.0.40219.1
Project("{FAE04EC0-301F-11D3-BF4B-00C04F79EFBC}") = "ApiDocGen.SignalR", "src\ApiDocGen.SignalR\ApiDocGen.SignalR.csproj", "{F098F924-BEAE-4D26-B648-44C5D33F6C0C}"
EndProject
Project("{FAE04EC0-301F-11D3-BF4B-00C04F79EFBC}") = "ApiDocGen.SignalR.Tests", "src\ApiDocGen.SignalR.Tests\ApiDocGen.SignalR.Tests.csproj", "{132E6464-1CDD-4A9D-BD7D-1B892A2D8723}"
EndProject
Global
	GlobalSection(SolutionConfigurationPlatforms) = preSolution
		Debug|Any CPU = Debug|Any CPU
		Release|Any CPU = Release|Any CPU
	EndGlobalSection
	GlobalSection(SolutionProperties) = preSolution
		HideSolutionNode = FALSE
	EndGlobalSection
	GlobalSection(ProjectConfigurationPlatforms) = postSolution
		{F098F924-BEAE-4D26-B648-44C5D33F6C0C}.Debug|Any CPU.ActiveCfg = Debug|Any CPU
		{F098F924-BEAE-4D26-B648-44C5D33F6C0C}.Debug|Any CPU.Build.0 = Debug|Any CPU
		{F098F924-BEAE-4D26-B648-44C5D33F6C0C}.Release|Any CPU.ActiveCfg = Release|Any CPU
		{F098F924-BEAE-4D26-B648-44C5D33F6C0C}.Release|Any CPU.Build.0 = Release|Any CPU
		{132E6464-1CDD-4A9D-BD7D-1B892A2D8723}.Debug|Any CPU.ActiveCfg = Debug|Any CPU
		{132E6464-1CDD-4A9D-BD7D-1B892A2D8723}.Debug|Any CPU.Build.0 = Debug|Any CPU
		{132E6464-1CDD-4A9D-BD7D-1B892A2D8723}.Release|Any CPU.ActiveCfg = Release|Any CPU
		{132E6464-1CDD-4A9D-BD7D-1B892A2D8723}.Release|Any CPU.Build.0 = Release|Any CPU
	EndGlobalSection
EndGlobal
